
Microsoft Visual Studio Solution File, Format Version 12.00
# Visual Studio 15
VisualStudioVersion = 15.0.27004.2010
MinimumVisualStudioVersion = 10.0.40219.1
Project("{9A19103F-16F7-4668-BE54-9A1E7A4F7556}") = "Westwind.Data.EfCore", "Westwind.Data.EfCore\Westwind.Data.EfCore.csproj", "{20597B42-4EB6-493D-B877-755F01332BAC}"
EndProject
Global
	GlobalSection(SolutionConfigurationPlatforms) = preSolution
		Debug|Any CPU = Debug|Any CPU
		Release|Any CPU = Release|Any CPU
	EndGlobalSection
	GlobalSection(ProjectConfigurationPlatforms) = postSolution
		{20597B42-4EB6-493D-B877-755F01332BAC}.Debug|Any CPU.ActiveCfg = Debug|Any CPU
		{20597B42-4EB6-493D-B877-755F01332BAC}.Debug|Any CPU.Build.0 = Debug|Any CPU
		{20597B42-4EB6-493D-B877-755F01332BAC}.Release|Any CPU.ActiveCfg = Release|Any CPU
		{20597B42-4EB6-493D-B877-755F01332BAC}.Release|Any CPU.Build.0 = Release|Any CPU
	EndGlobalSection
	GlobalSection(SolutionProperties) = preSolution
		HideSolutionNode = FALSE
	EndGlobalSection
	GlobalSection(ExtensibilityGlobals) = postSolution
		SolutionGuid = {44120FFF-A428-4596-8808-827DBCBC1AE3}
	EndGlobalSection
EndGlobal
